
Microsoft Visual Studio Solution File, Format Version 12.00
# Visual Studio Version 17
VisualStudioVersion = 17.10.35004.147
MinimumVisualStudioVersion = 10.0.40219.1
Project("{FAE04EC0-301F-11D3-BF4B-00C04F79EFBC}") = "ModuleCentralizationIIoT.Domain", "ModuleCentralizationIIoT.Domain\ModuleCentralizationIIoT.Domain.csproj", "{7714CCC7-79AB-439F-8C13-EE38A6741092}"
EndProject
Global
	GlobalSection(SolutionConfigurationPlatforms) = preSolution
		Debug|Any CPU = Debug|Any CPU
		Release|Any CPU = Release|Any CPU
	EndGlobalSection
	GlobalSection(ProjectConfigurationPlatforms) = postSolution
		{7714CCC7-79AB-439F-8C13-EE38A6741092}.Debug|Any CPU.ActiveCfg = Debug|Any CPU
		{7714CCC7-79AB-439F-8C13-EE38A6741092}.Debug|Any CPU.Build.0 = Debug|Any CPU
		{7714CCC7-79AB-439F-8C13-EE38A6741092}.Release|Any CPU.ActiveCfg = Release|Any CPU
		{7714CCC7-79AB-439F-8C13-EE38A6741092}.Release|Any CPU.Build.0 = Release|Any CPU
	EndGlobalSection
	GlobalSection(SolutionProperties) = preSolution
		HideSolutionNode = FALSE
	EndGlobalSection
	GlobalSection(ExtensibilityGlobals) = postSolution
		SolutionGuid = {7E1A2617-D29D-4115-B76E-E8BD1EBA7DF7}
	EndGlobalSection
EndGlobal
